{
  "name": "rain",
  "version": "1.0.0",
  "lockfileVersion": 2,
  "requires": true,
  "packages": {
    "": {
      "name": "rain",
      "version": "1.0.0",
      "license": "MIT",
      "dependencies": {
        "@sardinefish/zogra-renderer": "^1.2.0"
      },
      "devDependencies": {
        "esbuild": "^0.8.50",
        "typescript": "^4.1.5"
      }
    },
    "node_modules/@sardinefish/zogra-renderer": {
      "version": "1.2.0",
      "resolved": "https://registry.npmjs.org/@sardinefish/zogra-renderer/-/zogra-renderer-1.2.0.tgz",
      "integrity": "sha512-0wbAzhi5AAtbHMF6zzVx3ISFPsqLmaJLhkZfm3dFbnThXDqGf/6Gj71nmXBPtzcV0oQOWm8bFpu1a0S7/pGLQg==",
      "dependencies": {
        "gl-matrix": "^3.3.0",
        "reflect-metadata": "^0.1.13"
      }
    },
    "node_modules/esbuild": {
      "version": "0.8.50",
      "dev": true,
      "hasInstallScript": true,
      "license": "MIT",
      "bin": {
        "esbuild": "bin/esbuild"
      }
    },
    "node_modules/gl-matrix": {
      "version": "3.3.0",
      "resolved": "https://registry.npmjs.org/gl-matrix/-/gl-matrix-3.3.0.tgz",
      "integrity": "sha512-COb7LDz+SXaHtl/h4LeaFcNdJdAQSDeVqjiIihSXNrkWObZLhDI4hIkZC11Aeqp7bcE72clzB0BnDXr2SmslRA=="
    },
    "node_modules/reflect-metadata": {
      "version": "0.1.13",
      "resolved": "https://registry.npmjs.org/reflect-metadata/-/reflect-metadata-0.1.13.tgz",
      "integrity": "sha512-Ts1Y/anZELhSsjMcU605fU9RE4Oi3p5ORujwbIKXfWa+0Zxs510Qrmrce5/Jowq3cHSZSJqBjypxmHarc+vEWg=="
    },
    "node_modules/typescript": {
      "version": "4.2.2",
      "resolved": "https://registry.npmjs.org/typescript/-/typescript-4.2.2.tgz",
      "integrity": "sha512-tbb+NVrLfnsJy3M59lsDgrzWIflR4d4TIUjz+heUnHZwdF7YsrMTKoRERiIvI2lvBG95dfpLxB21WZhys1bgaQ==",
      "dev": true,
      "bin": {
        "tsc": "bin/tsc",
        "tsserver": "bin/tsserver"
      },
      "engines": {
        "node": ">=4.2.0"
      }
    }
  },
  "dependencies": {
    "@sardinefish/zogra-renderer": {
      "version": "1.2.0",
      "resolved": "https://registry.npmjs.org/@sardinefish/zogra-renderer/-/zogra-renderer-1.2.0.tgz",
      "integrity": "sha512-0wbAzhi5AAtbHMF6zzVx3ISFPsqLmaJLhkZfm3dFbnThXDqGf/6Gj71nmXBPtzcV0oQOWm8bFpu1a0S7/pGLQg==",
      "requires": {
        "gl-matrix": "^3.3.0",
        "reflect-metadata": "^0.1.13"
      }
    },
    "esbuild": {
      "version": "0.8.50",
      "dev": true
    },
    "gl-matrix": {
      "version": "3.3.0",
      "resolved": "https://registry.npmjs.org/gl-matrix/-/gl-matrix-3.3.0.tgz",
      "integrity": "sha512-COb7LDz+SXaHtl/h4LeaFcNdJdAQSDeVqjiIihSXNrkWObZLhDI4hIkZC11Aeqp7bcE72clzB0BnDXr2SmslRA=="
    },
    "reflect-metadata": {
      "version": "0.1.13",
      "resolved": "https://registry.npmjs.org/reflect-metadata/-/reflect-metadata-0.1.13.tgz",
      "integrity": "sha512-Ts1Y/anZELhSsjMcU605fU9RE4Oi3p5ORujwbIKXfWa+0Zxs510Qrmrce5/Jowq3cHSZSJqBjypxmHarc+vEWg=="
    },
    "typescript": {
      "version": "4.2.2",
      "resolved": "https://registry.npmjs.org/typescript/-/typescript-4.2.2.tgz",
      "integrity": "sha512-tbb+NVrLfnsJy3M59lsDgrzWIflR4d4TIUjz+heUnHZwdF7YsrMTKoRERiIvI2lvBG95dfpLxB21WZhys1bgaQ==",
      "dev": true
    }
  }
}
