{
  "name": "raindrop-fx",
  "version": "1.0.8",
  "lockfileVersion": 2,
  "requires": true,
  "packages": {
    "": {
      "name": "raindrop-fx",
      "version": "1.0.8",
      "license": "MIT",
      "dependencies": {
        "zogra-renderer": "1.3.4"
      },
      "devDependencies": {
        "esbuild": "^0.8.50",
        "typescript": "^4.1.5"
      }
    },
    "node_modules/esbuild": {
      "version": "0.8.50",
      "dev": true,
      "hasInstallScript": true,
      "license": "MIT",
      "bin": {
        "esbuild": "bin/esbuild"
      }
    },
    "node_modules/gl-matrix": {
      "version": "3.4.3",
      "resolved": "https://registry.npmjs.org/gl-matrix/-/gl-matrix-3.4.3.tgz",
      "integrity": "sha512-wcCp8vu8FT22BnvKVPjXa/ICBWRq/zjFfdofZy1WSpQZpphblv12/bOQLBC1rMM7SGOFS9ltVmKOHil5+Ml7gA=="
    },
    "node_modules/reflect-metadata": {
      "version": "0.1.13",
      "resolved": "https://registry.npmjs.org/reflect-metadata/-/reflect-metadata-0.1.13.tgz",
      "integrity": "sha512-Ts1Y/anZELhSsjMcU605fU9RE4Oi3p5ORujwbIKXfWa+0Zxs510Qrmrce5/Jowq3cHSZSJqBjypxmHarc+vEWg=="
    },
    "node_modules/typescript": {
      "version": "4.2.2",
      "resolved": "https://registry.npmjs.org/typescript/-/typescript-4.2.2.tgz",
      "integrity": "sha512-tbb+NVrLfnsJy3M59lsDgrzWIflR4d4TIUjz+heUnHZwdF7YsrMTKoRERiIvI2lvBG95dfpLxB21WZhys1bgaQ==",
      "dev": true,
      "bin": {
        "tsc": "bin/tsc",
        "tsserver": "bin/tsserver"
      },
      "engines": {
        "node": ">=4.2.0"
      }
    },
    "node_modules/zogra-renderer": {
      "version": "1.3.4",
      "resolved": "https://registry.npmjs.org/zogra-renderer/-/zogra-renderer-1.3.4.tgz",
      "integrity": "sha512-664o9UhJYAOH5/orsUM13ShHjJIgrvXNbzZ7GmqdrO6VD6tau+hRxtd2XvvL+gBW7L2UOYAtsp76o7PENRvY2g==",
      "dependencies": {
        "gl-matrix": "^3.3.0",
        "reflect-metadata": "^0.1.13"
      }
    }
  },
  "dependencies": {
    "esbuild": {
      "version": "0.8.50",
      "dev": true
    },
    "gl-matrix": {
      "version": "3.4.3",
      "resolved": "https://registry.npmjs.org/gl-matrix/-/gl-matrix-3.4.3.tgz",
      "integrity": "sha512-wcCp8vu8FT22BnvKVPjXa/ICBWRq/zjFfdofZy1WSpQZpphblv12/bOQLBC1rMM7SGOFS9ltVmKOHil5+Ml7gA=="
    },
    "reflect-metadata": {
      "version": "0.1.13",
      "resolved": "https://registry.npmjs.org/reflect-metadata/-/reflect-metadata-0.1.13.tgz",
      "integrity": "sha512-Ts1Y/anZELhSsjMcU605fU9RE4Oi3p5ORujwbIKXfWa+0Zxs510Qrmrce5/Jowq3cHSZSJqBjypxmHarc+vEWg=="
    },
    "typescript": {
      "version": "4.2.2",
      "resolved": "https://registry.npmjs.org/typescript/-/typescript-4.2.2.tgz",
      "integrity": "sha512-tbb+NVrLfnsJy3M59lsDgrzWIflR4d4TIUjz+heUnHZwdF7YsrMTKoRERiIvI2lvBG95dfpLxB21WZhys1bgaQ==",
      "dev": true
    },
    "zogra-renderer": {
      "version": "1.3.4",
      "resolved": "https://registry.npmjs.org/zogra-renderer/-/zogra-renderer-1.3.4.tgz",
      "integrity": "sha512-664o9UhJYAOH5/orsUM13ShHjJIgrvXNbzZ7GmqdrO6VD6tau+hRxtd2XvvL+gBW7L2UOYAtsp76o7PENRvY2g==",
      "requires": {
        "gl-matrix": "^3.3.0",
        "reflect-metadata": "^0.1.13"
      }
    }
  }
}
