{
  "name": "rain",
  "version": "1.0.0",
  "lockfileVersion": 2,
  "requires": true,
  "packages": {
    "": {
      "name": "rain",
      "version": "1.0.0",
      "license": "MIT",
      "dependencies": {
        "zogra-renderer": "file://./zogra-renderer"
      },
      "devDependencies": {
        "esbuild": "^0.8.50",
        "typescript": "^4.1.5"
      }
    },
    "node_modules/esbuild": {
      "version": "0.8.50",
      "dev": true,
      "hasInstallScript": true,
      "license": "MIT",
      "bin": {
        "esbuild": "bin/esbuild"
      }
    },
    "node_modules/typescript": {
      "version": "4.2.2",
      "resolved": "https://registry.npmjs.org/typescript/-/typescript-4.2.2.tgz",
      "integrity": "sha512-tbb+NVrLfnsJy3M59lsDgrzWIflR4d4TIUjz+heUnHZwdF7YsrMTKoRERiIvI2lvBG95dfpLxB21WZhys1bgaQ==",
      "dev": true,
      "bin": {
        "tsc": "bin/tsc",
        "tsserver": "bin/tsserver"
      },
      "engines": {
        "node": ">=4.2.0"
      }
    },
    "node_modules/zogra-renderer": {
      "resolved": "zogra-renderer",
      "link": true
    },
    "zogra-renderer": {
      "version": "1.1.0",
      "license": "MIT",
      "dependencies": {
        "gl-matrix": "^3.3.0",
        "reflect-metadata": "^0.1.13"
      },
      "devDependencies": {
        "typescript": "^4.1.5"
      }
    },
    "zogra-renderer/node_modules/gl-matrix": {
      "version": "3.3.0",
      "license": "MIT"
    },
    "zogra-renderer/node_modules/reflect-metadata": {
      "version": "0.1.13",
      "license": "Apache-2.0"
    },
    "zogra-renderer/node_modules/typescript": {
      "version": "3.9.9",
      "dev": true,
      "license": "Apache-2.0",
      "bin": {
        "tsc": "bin/tsc",
        "tsserver": "bin/tsserver"
      },
      "engines": {
        "node": ">=4.2.0"
      }
    }
  },
  "dependencies": {
    "esbuild": {
      "version": "0.8.50",
      "dev": true
    },
    "typescript": {
      "version": "4.2.2",
      "resolved": "https://registry.npmjs.org/typescript/-/typescript-4.2.2.tgz",
      "integrity": "sha512-tbb+NVrLfnsJy3M59lsDgrzWIflR4d4TIUjz+heUnHZwdF7YsrMTKoRERiIvI2lvBG95dfpLxB21WZhys1bgaQ==",
      "dev": true
    },
    "zogra-renderer": {
      "version": "file:zogra-renderer",
      "requires": {
        "gl-matrix": "^3.3.0",
        "reflect-metadata": "^0.1.13",
        "typescript": "^4.1.5"
      },
      "dependencies": {
        "gl-matrix": {
          "version": "3.3.0"
        },
        "reflect-metadata": {
          "version": "0.1.13"
        },
        "typescript": {
          "version": "3.9.9",
          "dev": true
        }
      }
    }
  }
}
