{
  "name": "raindrop-fx-example",
  "version": "1.0.0",
  "lockfileVersion": 2,
  "requires": true,
  "packages": {
    "": {
      "name": "raindrop-fx-example",
      "version": "1.0.0",
      "license": "MIT",
      "dependencies": {
        "raindrop-fx": "file:///../.."
      },
      "devDependencies": {
        "esbuild": "^0.9.5"
      }
    },
    "../..": {
      "version": "1.0.1",
      "license": "MIT",
      "dependencies": {
        "@sardinefish/zogra-renderer": "^1.2.0"
      },
      "devDependencies": {
        "esbuild": "^0.8.50",
        "typescript": "^4.1.5"
      }
    },
    "node_modules/esbuild": {
      "version": "0.9.5",
      "resolved": "https://registry.npmjs.org/esbuild/-/esbuild-0.9.5.tgz",
      "integrity": "sha512-ZBOtZX9HxgSdwkAroVifEUgylWqbOjqbu1i1ohRvhoaYt6aj81dxbizODx419gwDAupqut44ehFVwUq7WRN/OA==",
      "dev": true,
      "hasInstallScript": true,
      "bin": {
        "esbuild": "bin/esbuild"
      }
    },
    "node_modules/raindrop-fx": {
      "resolved": "../..",
      "link": true
    }
  },
  "dependencies": {
    "esbuild": {
      "version": "0.9.5",
      "resolved": "https://registry.npmjs.org/esbuild/-/esbuild-0.9.5.tgz",
      "integrity": "sha512-ZBOtZX9HxgSdwkAroVifEUgylWqbOjqbu1i1ohRvhoaYt6aj81dxbizODx419gwDAupqut44ehFVwUq7WRN/OA==",
      "dev": true
    },
    "raindrop-fx": {
      "version": "file:../..",
      "requires": {
        "@sardinefish/zogra-renderer": "^1.2.0",
        "esbuild": "^0.8.50",
        "typescript": "^4.1.5"
      }
    }
  }
}
